// !$*UTF8*$!
{
	archiveVersion = 1;
	classes = {
	};
	objectVersion = 55;
	objects = {

/* Begin PBXBuildFile section */
		CC0E80B6276874E40075DECF /* Solver14.cpp in Sources */ = {isa = PBXBuildFile; fileRef = CC0E80B4276874E40075DECF /* Solver14.cpp */; };
		CC1184C22757CBC000A9C7BE /* BaseSolver.cpp in Sources */ = {isa = PBXBuildFile; fileRef = CC1184C12757CBC000A9C7BE /* BaseSolver.cpp */; };
		CC1184C42757CF7700A9C7BE /* main.cpp in Sources */ = {isa = PBXBuildFile; fileRef = CC1184C32757CF7700A9C7BE /* main.cpp */; };
		CC1184C62757D27100A9C7BE /* BaseSolver.h in Sources */ = {isa = PBXBuildFile; fileRef = CC1184C52757D27100A9C7BE /* BaseSolver.h */; };
		CC1184C82757D2E100A9C7BE /* Solver01.h in Sources */ = {isa = PBXBuildFile; fileRef = CC1184C72757D2E100A9C7BE /* Solver01.h */; };
		CC27F3B5275793AC00C340D7 /* Solver01.cpp in Sources */ = {isa = PBXBuildFile; fileRef = CC27F3B4275793AC00C340D7 /* Solver01.cpp */; };
		CC2AF3A4275F3B8F004CB623 /* Solver07.cpp in Sources */ = {isa = PBXBuildFile; fileRef = CC2AF3A2275F3B8F004CB623 /* Solver07.cpp */; };
		CC6605FD2758A3D200BF0B89 /* Solver02.cpp in Sources */ = {isa = PBXBuildFile; fileRef = CC6605FC2758A3D200BF0B89 /* Solver02.cpp */; };
		CC7155F627608D7900E8FE0A /* Solver08.cpp in Sources */ = {isa = PBXBuildFile; fileRef = CC7155F427608D7900E8FE0A /* Solver08.cpp */; };
		CC84B8852769C7D4009FB419 /* Solver15.cpp in Sources */ = {isa = PBXBuildFile; fileRef = CC84B8832769C7D4009FB419 /* Solver15.cpp */; };
		CC95B53D275C976B00BACF62 /* Solver05.cpp in Sources */ = {isa = PBXBuildFile; fileRef = CC95B53C275C976B00BACF62 /* Solver05.cpp */; };
		CCB27CF2276724780014C098 /* Solver13.cpp in Sources */ = {isa = PBXBuildFile; fileRef = CCB27CF0276724780014C098 /* Solver13.cpp */; };
		CCBE8D64275B46490029F8CE /* Solver04.cpp in Sources */ = {isa = PBXBuildFile; fileRef = CCBE8D62275B46490029F8CE /* Solver04.cpp */; };
		CCBED2F2276480BB004546E7 /* Solver11.cpp in Sources */ = {isa = PBXBuildFile; fileRef = CCBED2F0276480BB004546E7 /* Solver11.cpp */; };
		CCC389D8276B0F2E0080F99C /* Solver16.cpp in Sources */ = {isa = PBXBuildFile; fileRef = CCC389D6276B0F2D0080F99C /* Solver16.cpp */; };
		CCCA191B2759F56400E57C5E /* Solver03.cpp in Sources */ = {isa = PBXBuildFile; fileRef = CCCA191A2759F56400E57C5E /* Solver03.cpp */; };
		CCD1A52027632EF3005A658F /* Solver10.cpp in Sources */ = {isa = PBXBuildFile; fileRef = CCD1A51E27632EF2005A658F /* Solver10.cpp */; };
		CCD5DB942761DE33007CF658 /* Solver09.cpp in Sources */ = {isa = PBXBuildFile; fileRef = CCD5DB922761DE33007CF658 /* Solver09.cpp */; };
		CCE2344B2765D2F900A37893 /* Solver12.cpp in Sources */ = {isa = PBXBuildFile; fileRef = CCE2344A2765D2F900A37893 /* Solver12.cpp */; };
		CCE48492275DEACA009BA7D3 /* Solver06.cpp in Sources */ = {isa = PBXBuildFile; fileRef = CCE48490275DEACA009BA7D3 /* Solver06.cpp */; };
		CCE9138D276DB5DE00FC23CC /* Solver18.cpp in Sources */ = {isa = PBXBuildFile; fileRef = CCE9138B276DB5DE00FC23CC /* Solver18.cpp */; };
		CCE9139A276F1D1900FC23CC /* Solver19.cpp in Sources */ = {isa = PBXBuildFile; fileRef = CCE91398276F1D1900FC23CC /* Solver19.cpp */; };
		CCE9139E27705F7B00FC23CC /* Solver20.cpp in Sources */ = {isa = PBXBuildFile; fileRef = CCE9139D27705F7B00FC23CC /* Solver20.cpp */; };
		CCED6ADC276C680B000D252D /* Solver17.cpp in Sources */ = {isa = PBXBuildFile; fileRef = CCED6ADA276C680A000D252D /* Solver17.cpp */; };
/* End PBXBuildFile section */

/* Begin PBXCopyFilesBuildPhase section */
		CC27F3AF275793AC00C340D7 /* CopyFiles */ = {
			isa = PBXCopyFilesBuildPhase;
			buildActionMask = 2147483647;
			dstPath = usr/share/man/man1;
			dstSubfolderSpec = 16;
			files = (
			);
			runOnlyForDeploymentPostprocessing = 1;
		};
/* End PBXCopyFilesBuildPhase section */

/* Begin PBXFileReference section */
		CC0E80B3276874CB0075DECF /* 14.txt */ = {isa = PBXFileReference; lastKnownFileType = text; path = 14.txt; sourceTree = "<group>"; };
		CC0E80B4276874E40075DECF /* Solver14.cpp */ = {isa = PBXFileReference; lastKnownFileType = sourcecode.cpp.cpp; path = Solver14.cpp; sourceTree = "<group>"; };
		CC0E80B5276874E40075DECF /* Solver14.h */ = {isa = PBXFileReference; lastKnownFileType = sourcecode.c.h; path = Solver14.h; sourceTree = "<group>"; };
		CC0E80B727687A2B0075DECF /* 14.txt */ = {isa = PBXFileReference; lastKnownFileType = text; path = 14.txt; sourceTree = "<group>"; };
		CC1184BE2757C5EC00A9C7BE /* 01.txt */ = {isa = PBXFileReference; lastKnownFileType = text; path = 01.txt; sourceTree = "<group>"; };
		CC1184C12757CBC000A9C7BE /* BaseSolver.cpp */ = {isa = PBXFileReference; lastKnownFileType = sourcecode.cpp.cpp; path = BaseSolver.cpp; sourceTree = "<group>"; };
		CC1184C32757CF7700A9C7BE /* main.cpp */ = {isa = PBXFileReference; lastKnownFileType = sourcecode.cpp.cpp; path = main.cpp; sourceTree = "<group>"; };
		CC1184C52757D27100A9C7BE /* BaseSolver.h */ = {isa = PBXFileReference; lastKnownFileType = sourcecode.c.h; path = BaseSolver.h; sourceTree = "<group>"; };
		CC1184C72757D2E100A9C7BE /* Solver01.h */ = {isa = PBXFileReference; lastKnownFileType = sourcecode.c.h; path = Solver01.h; sourceTree = "<group>"; };
		CC1184C92757D71E00A9C7BE /* 01.txt */ = {isa = PBXFileReference; lastKnownFileType = text; path = 01.txt; sourceTree = "<group>"; };
		CC27F3B1275793AC00C340D7 /* AOC2021 */ = {isa = PBXFileReference; explicitFileType = "compiled.mach-o.executable"; includeInIndex = 0; path = AOC2021; sourceTree = BUILT_PRODUCTS_DIR; };
		CC27F3B4275793AC00C340D7 /* Solver01.cpp */ = {isa = PBXFileReference; lastKnownFileType = sourcecode.cpp.cpp; path = Solver01.cpp; sourceTree = "<group>"; };
		CC2AF3A2275F3B8F004CB623 /* Solver07.cpp */ = {isa = PBXFileReference; lastKnownFileType = sourcecode.cpp.cpp; path = Solver07.cpp; sourceTree = "<group>"; };
		CC2AF3A3275F3B8F004CB623 /* Solver07.h */ = {isa = PBXFileReference; lastKnownFileType = sourcecode.c.h; path = Solver07.h; sourceTree = "<group>"; };
		CC2AF3A5275F3BA0004CB623 /* 07.txt */ = {isa = PBXFileReference; lastKnownFileType = text; path = 07.txt; sourceTree = "<group>"; };
		CC2AF3A6275F3EC1004CB623 /* 07.txt */ = {isa = PBXFileReference; lastKnownFileType = text; path = 07.txt; sourceTree = "<group>"; };
		CC6605FB2758A3D200BF0B89 /* Solver02.h */ = {isa = PBXFileReference; lastKnownFileType = sourcecode.c.h; path = Solver02.h; sourceTree = "<group>"; };
		CC6605FC2758A3D200BF0B89 /* Solver02.cpp */ = {isa = PBXFileReference; lastKnownFileType = sourcecode.cpp.cpp; path = Solver02.cpp; sourceTree = "<group>"; };
		CC6605FE2758A42600BF0B89 /* 02.txt */ = {isa = PBXFileReference; lastKnownFileType = text; path = 02.txt; sourceTree = "<group>"; };
		CC6605FF2758A5CD00BF0B89 /* 02.txt */ = {isa = PBXFileReference; lastKnownFileType = text; path = 02.txt; sourceTree = "<group>"; };
		CC7155F327608D5800E8FE0A /* 08.txt */ = {isa = PBXFileReference; lastKnownFileType = text; path = 08.txt; sourceTree = "<group>"; };
		CC7155F427608D7900E8FE0A /* Solver08.cpp */ = {isa = PBXFileReference; lastKnownFileType = sourcecode.cpp.cpp; path = Solver08.cpp; sourceTree = "<group>"; };
		CC7155F527608D7900E8FE0A /* Solver08.h */ = {isa = PBXFileReference; lastKnownFileType = sourcecode.c.h; path = Solver08.h; sourceTree = "<group>"; };
		CC7155F72760902000E8FE0A /* 08.txt */ = {isa = PBXFileReference; lastKnownFileType = text; path = 08.txt; sourceTree = "<group>"; };
		CC84B8822769C7BF009FB419 /* 15.txt */ = {isa = PBXFileReference; lastKnownFileType = text; path = 15.txt; sourceTree = "<group>"; };
		CC84B8832769C7D4009FB419 /* Solver15.cpp */ = {isa = PBXFileReference; lastKnownFileType = sourcecode.cpp.cpp; path = Solver15.cpp; sourceTree = "<group>"; };
		CC84B8842769C7D4009FB419 /* Solver15.h */ = {isa = PBXFileReference; lastKnownFileType = sourcecode.c.h; path = Solver15.h; sourceTree = "<group>"; };
		CC84B8862769CD0C009FB419 /* 15.txt */ = {isa = PBXFileReference; lastKnownFileType = text; path = 15.txt; sourceTree = "<group>"; };
		CC84B8872769D216009FB419 /* 15a.txt */ = {isa = PBXFileReference; lastKnownFileType = text; path = 15a.txt; sourceTree = "<group>"; };
		CC95B53A275C975300BACF62 /* 05.txt */ = {isa = PBXFileReference; lastKnownFileType = text; path = 05.txt; sourceTree = "<group>"; };
		CC95B53B275C976B00BACF62 /* Solver05.h */ = {isa = PBXFileReference; lastKnownFileType = sourcecode.c.h; path = Solver05.h; sourceTree = "<group>"; };
		CC95B53C275C976B00BACF62 /* Solver05.cpp */ = {isa = PBXFileReference; lastKnownFileType = sourcecode.cpp.cpp; path = Solver05.cpp; sourceTree = "<group>"; };
		CC95B53E275C9F9900BACF62 /* 05.txt */ = {isa = PBXFileReference; lastKnownFileType = text; path = 05.txt; sourceTree = "<group>"; };
		CCB27CEF276723BD0014C098 /* 13.txt */ = {isa = PBXFileReference; lastKnownFileType = text; path = 13.txt; sourceTree = "<group>"; };
		CCB27CF0276724780014C098 /* Solver13.cpp */ = {isa = PBXFileReference; lastKnownFileType = sourcecode.cpp.cpp; path = Solver13.cpp; sourceTree = "<group>"; };
		CCB27CF1276724780014C098 /* Solver13.h */ = {isa = PBXFileReference; lastKnownFileType = sourcecode.c.h; path = Solver13.h; sourceTree = "<group>"; };
		CCB27CF3276729410014C098 /* 13.txt */ = {isa = PBXFileReference; lastKnownFileType = text; path = 13.txt; sourceTree = "<group>"; };
		CCBE8D61275B462F0029F8CE /* 04.txt */ = {isa = PBXFileReference; lastKnownFileType = text; path = 04.txt; sourceTree = "<group>"; };
		CCBE8D62275B46490029F8CE /* Solver04.cpp */ = {isa = PBXFileReference; lastKnownFileType = sourcecode.cpp.cpp; path = Solver04.cpp; sourceTree = "<group>"; };
		CCBE8D63275B46490029F8CE /* Solver04.h */ = {isa = PBXFileReference; lastKnownFileType = sourcecode.c.h; path = Solver04.h; sourceTree = "<group>"; };
		CCBE8D65275B59690029F8CE /* 04.txt */ = {isa = PBXFileReference; lastKnownFileType = text; path = 04.txt; sourceTree = "<group>"; };
		CCBED2F0276480BB004546E7 /* Solver11.cpp */ = {isa = PBXFileReference; lastKnownFileType = sourcecode.cpp.cpp; path = Solver11.cpp; sourceTree = "<group>"; };
		CCBED2F1276480BB004546E7 /* Solver11.h */ = {isa = PBXFileReference; lastKnownFileType = sourcecode.c.h; path = Solver11.h; sourceTree = "<group>"; };
		CCBED2F3276480F1004546E7 /* 11.txt */ = {isa = PBXFileReference; lastKnownFileType = text; path = 11.txt; sourceTree = "<group>"; };
		CCBED2F427648ACB004546E7 /* 11.txt */ = {isa = PBXFileReference; lastKnownFileType = text; path = 11.txt; sourceTree = "<group>"; };
		CCC389D5276B0F160080F99C /* 16a.txt */ = {isa = PBXFileReference; lastKnownFileType = text; path = 16a.txt; sourceTree = "<group>"; };
		CCC389D6276B0F2D0080F99C /* Solver16.cpp */ = {isa = PBXFileReference; lastKnownFileType = sourcecode.cpp.cpp; path = Solver16.cpp; sourceTree = "<group>"; };
		CCC389D7276B0F2E0080F99C /* Solver16.h */ = {isa = PBXFileReference; lastKnownFileType = sourcecode.c.h; path = Solver16.h; sourceTree = "<group>"; };
		CCC389D9276B14800080F99C /* 16b.txt */ = {isa = PBXFileReference; lastKnownFileType = text; path = 16b.txt; sourceTree = "<group>"; };
		CCC389DA276B196E0080F99C /* 16c.txt */ = {isa = PBXFileReference; lastKnownFileType = text; path = 16c.txt; sourceTree = "<group>"; };
		CCC389DB276B19960080F99C /* 16.txt */ = {isa = PBXFileReference; lastKnownFileType = text; path = 16.txt; sourceTree = "<group>"; };
		CCC389DC276B1A720080F99C /* 16.txt */ = {isa = PBXFileReference; lastKnownFileType = text; path = 16.txt; sourceTree = "<group>"; };
		CCCA19182759F55100E57C5E /* 03.txt */ = {isa = PBXFileReference; lastKnownFileType = text; path = 03.txt; sourceTree = "<group>"; };
		CCCA19192759F56400E57C5E /* Solver03.h */ = {isa = PBXFileReference; lastKnownFileType = sourcecode.c.h; path = Solver03.h; sourceTree = "<group>"; };
		CCCA191A2759F56400E57C5E /* Solver03.cpp */ = {isa = PBXFileReference; lastKnownFileType = sourcecode.cpp.cpp; path = Solver03.cpp; sourceTree = "<group>"; };
		CCCA191C2759F94600E57C5E /* 03.txt */ = {isa = PBXFileReference; lastKnownFileType = text; path = 03.txt; sourceTree = "<group>"; };
		CCD1A51D27632EE1005A658F /* 10.txt */ = {isa = PBXFileReference; lastKnownFileType = text; path = 10.txt; sourceTree = "<group>"; };
		CCD1A51E27632EF2005A658F /* Solver10.cpp */ = {isa = PBXFileReference; lastKnownFileType = sourcecode.cpp.cpp; path = Solver10.cpp; sourceTree = "<group>"; };
		CCD1A51F27632EF3005A658F /* Solver10.h */ = {isa = PBXFileReference; lastKnownFileType = sourcecode.c.h; path = Solver10.h; sourceTree = "<group>"; };
		CCD1A5212763313A005A658F /* 10.txt */ = {isa = PBXFileReference; lastKnownFileType = text; path = 10.txt; sourceTree = "<group>"; };
		CCD5DB912761DE1C007CF658 /* 09.txt */ = {isa = PBXFileReference; lastKnownFileType = text; path = 09.txt; sourceTree = "<group>"; };
		CCD5DB922761DE33007CF658 /* Solver09.cpp */ = {isa = PBXFileReference; lastKnownFileType = sourcecode.cpp.cpp; path = Solver09.cpp; sourceTree = "<group>"; };
		CCD5DB932761DE33007CF658 /* Solver09.h */ = {isa = PBXFileReference; lastKnownFileType = sourcecode.c.h; path = Solver09.h; sourceTree = "<group>"; };
		CCD5DB952761E223007CF658 /* 09.txt */ = {isa = PBXFileReference; lastKnownFileType = text; path = 09.txt; sourceTree = "<group>"; };
		CCE234482765D2DE00A37893 /* 12a.txt */ = {isa = PBXFileReference; lastKnownFileType = text; path = 12a.txt; sourceTree = "<group>"; };
		CCE234492765D2F900A37893 /* Solver12.h */ = {isa = PBXFileReference; lastKnownFileType = sourcecode.c.h; path = Solver12.h; sourceTree = "<group>"; };
		CCE2344A2765D2F900A37893 /* Solver12.cpp */ = {isa = PBXFileReference; lastKnownFileType = sourcecode.cpp.cpp; path = Solver12.cpp; sourceTree = "<group>"; };
		CCE2344C2765D80400A37893 /* 12b.txt */ = {isa = PBXFileReference; lastKnownFileType = text; path = 12b.txt; sourceTree = "<group>"; };
		CCE2344D2765D82400A37893 /* 12c.txt */ = {isa = PBXFileReference; lastKnownFileType = text; path = 12c.txt; sourceTree = "<group>"; };
		CCE2344E2765D83F00A37893 /* 12.txt */ = {isa = PBXFileReference; lastKnownFileType = text; path = 12.txt; sourceTree = "<group>"; };
		CCE48490275DEACA009BA7D3 /* Solver06.cpp */ = {isa = PBXFileReference; lastKnownFileType = sourcecode.cpp.cpp; path = Solver06.cpp; sourceTree = "<group>"; };
		CCE48491275DEACA009BA7D3 /* Solver06.h */ = {isa = PBXFileReference; lastKnownFileType = sourcecode.c.h; path = Solver06.h; sourceTree = "<group>"; };
		CCE48493275DEC3B009BA7D3 /* 06.txt */ = {isa = PBXFileReference; lastKnownFileType = text; path = 06.txt; sourceTree = "<group>"; };
		CCE48494275DEEB6009BA7D3 /* 06.txt */ = {isa = PBXFileReference; lastKnownFileType = text; path = 06.txt; sourceTree = "<group>"; };
		CCE91387276DB54B00FC23CC /* 18a.txt */ = {isa = PBXFileReference; lastKnownFileType = text; path = 18a.txt; sourceTree = "<group>"; };
		CCE9138B276DB5DE00FC23CC /* Solver18.cpp */ = {isa = PBXFileReference; lastKnownFileType = sourcecode.cpp.cpp; path = Solver18.cpp; sourceTree = "<group>"; };
		CCE9138C276DB5DE00FC23CC /* Solver18.h */ = {isa = PBXFileReference; lastKnownFileType = sourcecode.c.h; path = Solver18.h; sourceTree = "<group>"; };
		CCE91393276E800200FC23CC /* 18b.txt */ = {isa = PBXFileReference; lastKnownFileType = text; path = 18b.txt; sourceTree = "<group>"; };
		CCE91394276E802400FC23CC /* 18c.txt */ = {isa = PBXFileReference; lastKnownFileType = text; path = 18c.txt; sourceTree = "<group>"; };
		CCE91395276E803F00FC23CC /* 18.txt */ = {isa = PBXFileReference; lastKnownFileType = text; path = 18.txt; sourceTree = "<group>"; };
		CCE91396276F1CD300FC23CC /* 19.txt */ = {isa = PBXFileReference; lastKnownFileType = text; path = 19.txt; sourceTree = "<group>"; };
		CCE91397276F1CF800FC23CC /* 19.txt */ = {isa = PBXFileReference; lastKnownFileType = text; path = 19.txt; sourceTree = "<group>"; };
		CCE91398276F1D1900FC23CC /* Solver19.cpp */ = {isa = PBXFileReference; lastKnownFileType = sourcecode.cpp.cpp; path = Solver19.cpp; sourceTree = "<group>"; };
		CCE91399276F1D1900FC23CC /* Solver19.h */ = {isa = PBXFileReference; lastKnownFileType = sourcecode.c.h; path = Solver19.h; sourceTree = "<group>"; };
		CCE9139B27705EBC00FC23CC /* 20.txt */ = {isa = PBXFileReference; lastKnownFileType = text; path = 20.txt; sourceTree = "<group>"; };
		CCE9139C27705F6600FC23CC /* 20.txt */ = {isa = PBXFileReference; lastKnownFileType = text; path = 20.txt; sourceTree = "<group>"; };
		CCE9139D27705F7B00FC23CC /* Solver20.cpp */ = {isa = PBXFileReference; lastKnownFileType = sourcecode.cpp.cpp; path = Solver20.cpp; sourceTree = "<group>"; };
		CCE9139F27705F8900FC23CC /* Solver20.h */ = {isa = PBXFileReference; lastKnownFileType = sourcecode.c.h; path = Solver20.h; sourceTree = "<group>"; };
		CCED6AD9276C5E81000D252D /* 17.txt */ = {isa = PBXFileReference; lastKnownFileType = text; path = 17.txt; sourceTree = "<group>"; };
		CCED6ADA276C680A000D252D /* Solver17.cpp */ = {isa = PBXFileReference; lastKnownFileType = sourcecode.cpp.cpp; path = Solver17.cpp; sourceTree = "<group>"; };
		CCED6ADB276C680B000D252D /* Solver17.h */ = {isa = PBXFileReference; lastKnownFileType = sourcecode.c.h; path = Solver17.h; sourceTree = "<group>"; };
		CCED6ADD276C79D0000D252D /* 17.txt */ = {isa = PBXFileReference; lastKnownFileType = text; path = 17.txt; sourceTree = "<group>"; };
/* End PBXFileReference section */

/* Begin PBXFrameworksBuildPhase section */
		CC27F3AE275793AC00C340D7 /* Frameworks */ = {
			isa = PBXFrameworksBuildPhase;
			buildActionMask = 2147483647;
			files = (
			);
			runOnlyForDeploymentPostprocessing = 0;
		};
/* End PBXFrameworksBuildPhase section */

/* Begin PBXGroup section */
		CC1184BD2757C5C400A9C7BE /* data */ = {
			isa = PBXGroup;
			children = (
				CC1184BE2757C5EC00A9C7BE /* 01.txt */,
				CC6605FE2758A42600BF0B89 /* 02.txt */,
				CCCA191C2759F94600E57C5E /* 03.txt */,
				CCBE8D65275B59690029F8CE /* 04.txt */,
				CC95B53E275C9F9900BACF62 /* 05.txt */,
				CCE48494275DEEB6009BA7D3 /* 06.txt */,
				CC2AF3A6275F3EC1004CB623 /* 07.txt */,
				CC7155F72760902000E8FE0A /* 08.txt */,
				CCD5DB952761E223007CF658 /* 09.txt */,
				CCD1A5212763313A005A658F /* 10.txt */,
				CCBED2F427648ACB004546E7 /* 11.txt */,
				CCE2344E2765D83F00A37893 /* 12.txt */,
				CCB27CF3276729410014C098 /* 13.txt */,
				CC0E80B727687A2B0075DECF /* 14.txt */,
				CC84B8862769CD0C009FB419 /* 15.txt */,
				CCC389DC276B1A720080F99C /* 16.txt */,
				CCED6ADD276C79D0000D252D /* 17.txt */,
				CCE91395276E803F00FC23CC /* 18.txt */,
				CCE91397276F1CF800FC23CC /* 19.txt */,
				CCE9139C27705F6600FC23CC /* 20.txt */,
				CC1184CA2757D73000A9C7BE /* samples */,
			);
			path = data;
			sourceTree = "<group>";
		};
		CC1184CA2757D73000A9C7BE /* samples */ = {
			isa = PBXGroup;
			children = (
				CC1184C92757D71E00A9C7BE /* 01.txt */,
				CC6605FF2758A5CD00BF0B89 /* 02.txt */,
				CCCA19182759F55100E57C5E /* 03.txt */,
				CCBE8D61275B462F0029F8CE /* 04.txt */,
				CC95B53A275C975300BACF62 /* 05.txt */,
				CCE48493275DEC3B009BA7D3 /* 06.txt */,
				CC2AF3A5275F3BA0004CB623 /* 07.txt */,
				CC7155F327608D5800E8FE0A /* 08.txt */,
				CCD5DB912761DE1C007CF658 /* 09.txt */,
				CCD1A51D27632EE1005A658F /* 10.txt */,
				CCBED2F3276480F1004546E7 /* 11.txt */,
				CCE234482765D2DE00A37893 /* 12a.txt */,
				CCE2344C2765D80400A37893 /* 12b.txt */,
				CCE2344D2765D82400A37893 /* 12c.txt */,
				CCB27CEF276723BD0014C098 /* 13.txt */,
				CC0E80B3276874CB0075DECF /* 14.txt */,
				CC84B8822769C7BF009FB419 /* 15.txt */,
				CC84B8872769D216009FB419 /* 15a.txt */,
				CCC389DB276B19960080F99C /* 16.txt */,
				CCC389D5276B0F160080F99C /* 16a.txt */,
				CCC389D9276B14800080F99C /* 16b.txt */,
				CCC389DA276B196E0080F99C /* 16c.txt */,
				CCED6AD9276C5E81000D252D /* 17.txt */,
				CCE91387276DB54B00FC23CC /* 18a.txt */,
				CCE91393276E800200FC23CC /* 18b.txt */,
				CCE91394276E802400FC23CC /* 18c.txt */,
				CCE91396276F1CD300FC23CC /* 19.txt */,
				CCE9139B27705EBC00FC23CC /* 20.txt */,
			);
			path = samples;
			sourceTree = "<group>";
		};
		CC1184CB2757D77400A9C7BE /* solutions */ = {
			isa = PBXGroup;
			children = (
				CC1184C12757CBC000A9C7BE /* BaseSolver.cpp */,
				CC1184C52757D27100A9C7BE /* BaseSolver.h */,
				CC27F3B4275793AC00C340D7 /* Solver01.cpp */,
				CC1184C72757D2E100A9C7BE /* Solver01.h */,
				CC6605FC2758A3D200BF0B89 /* Solver02.cpp */,
				CC6605FB2758A3D200BF0B89 /* Solver02.h */,
				CCCA191A2759F56400E57C5E /* Solver03.cpp */,
				CCCA19192759F56400E57C5E /* Solver03.h */,
				CCBE8D62275B46490029F8CE /* Solver04.cpp */,
				CCBE8D63275B46490029F8CE /* Solver04.h */,
				CC95B53C275C976B00BACF62 /* Solver05.cpp */,
				CC95B53B275C976B00BACF62 /* Solver05.h */,
				CCE48490275DEACA009BA7D3 /* Solver06.cpp */,
				CCE48491275DEACA009BA7D3 /* Solver06.h */,
				CC2AF3A2275F3B8F004CB623 /* Solver07.cpp */,
				CC2AF3A3275F3B8F004CB623 /* Solver07.h */,
				CC7155F427608D7900E8FE0A /* Solver08.cpp */,
				CC7155F527608D7900E8FE0A /* Solver08.h */,
				CCD5DB922761DE33007CF658 /* Solver09.cpp */,
				CCD5DB932761DE33007CF658 /* Solver09.h */,
				CCD1A51E27632EF2005A658F /* Solver10.cpp */,
				CCD1A51F27632EF3005A658F /* Solver10.h */,
				CCBED2F0276480BB004546E7 /* Solver11.cpp */,
				CCBED2F1276480BB004546E7 /* Solver11.h */,
				CCE2344A2765D2F900A37893 /* Solver12.cpp */,
				CCE234492765D2F900A37893 /* Solver12.h */,
				CCB27CF0276724780014C098 /* Solver13.cpp */,
				CCB27CF1276724780014C098 /* Solver13.h */,
				CC0E80B4276874E40075DECF /* Solver14.cpp */,
				CC0E80B5276874E40075DECF /* Solver14.h */,
				CC84B8832769C7D4009FB419 /* Solver15.cpp */,
				CC84B8842769C7D4009FB419 /* Solver15.h */,
				CCC389D6276B0F2D0080F99C /* Solver16.cpp */,
				CCC389D7276B0F2E0080F99C /* Solver16.h */,
				CCED6ADA276C680A000D252D /* Solver17.cpp */,
				CCED6ADB276C680B000D252D /* Solver17.h */,
				CCE9138B276DB5DE00FC23CC /* Solver18.cpp */,
				CCE9138C276DB5DE00FC23CC /* Solver18.h */,
				CCE91398276F1D1900FC23CC /* Solver19.cpp */,
				CCE91399276F1D1900FC23CC /* Solver19.h */,
				CCE9139D27705F7B00FC23CC /* Solver20.cpp */,
				CCE9139F27705F8900FC23CC /* Solver20.h */,
			);
			path = solutions;
			sourceTree = "<group>";
		};
		CC27F3A8275793AC00C340D7 = {
			isa = PBXGroup;
			children = (
				CC27F3B3275793AC00C340D7 /* AOC2021 */,
				CC27F3B2275793AC00C340D7 /* Products */,
			);
			sourceTree = "<group>";
		};
		CC27F3B2275793AC00C340D7 /* Products */ = {
			isa = PBXGroup;
			children = (
				CC27F3B1275793AC00C340D7 /* AOC2021 */,
			);
			name = Products;
			sourceTree = "<group>";
		};
		CC27F3B3275793AC00C340D7 /* AOC2021 */ = {
			isa = PBXGroup;
			children = (
				CC1184CB2757D77400A9C7BE /* solutions */,
				CC1184BD2757C5C400A9C7BE /* data */,
				CC1184C32757CF7700A9C7BE /* main.cpp */,
			);
			path = AOC2021;
			sourceTree = "<group>";
		};
/* End PBXGroup section */

/* Begin PBXNativeTarget section */
		CC27F3B0275793AC00C340D7 /* AOC2021 */ = {
			isa = PBXNativeTarget;
			buildConfigurationList = CC27F3B8275793AC00C340D7 /* Build configuration list for PBXNativeTarget "AOC2021" */;
			buildPhases = (
				CC27F3AD275793AC00C340D7 /* Sources */,
				CC27F3AE275793AC00C340D7 /* Frameworks */,
				CC27F3AF275793AC00C340D7 /* CopyFiles */,
			);
			buildRules = (
			);
			dependencies = (
			);
			name = AOC2021;
			productName = AOC2021;
			productReference = CC27F3B1275793AC00C340D7 /* AOC2021 */;
			productType = "com.apple.product-type.tool";
		};
/* End PBXNativeTarget section */

/* Begin PBXProject section */
		CC27F3A9275793AC00C340D7 /* Project object */ = {
			isa = PBXProject;
			attributes = {
				BuildIndependentTargetsInParallel = 1;
				LastUpgradeCheck = 1320;
				TargetAttributes = {
					CC27F3B0275793AC00C340D7 = {
						CreatedOnToolsVersion = 13.1;
					};
				};
			};
			buildConfigurationList = CC27F3AC275793AC00C340D7 /* Build configuration list for PBXProject "AOC2021" */;
			compatibilityVersion = "Xcode 13.0";
			developmentRegion = en;
			hasScannedForEncodings = 0;
			knownRegions = (
				en,
				Base,
			);
			mainGroup = CC27F3A8275793AC00C340D7;
			productRefGroup = CC27F3B2275793AC00C340D7 /* Products */;
			projectDirPath = "";
			projectRoot = "";
			targets = (
				CC27F3B0275793AC00C340D7 /* AOC2021 */,
			);
		};
/* End PBXProject section */

/* Begin PBXSourcesBuildPhase section */
		CC27F3AD275793AC00C340D7 /* Sources */ = {
			isa = PBXSourcesBuildPhase;
			buildActionMask = 2147483647;
			files = (
				CC1184C22757CBC000A9C7BE /* BaseSolver.cpp in Sources */,
				CC1184C82757D2E100A9C7BE /* Solver01.h in Sources */,
				CCC389D8276B0F2E0080F99C /* Solver16.cpp in Sources */,
				CC1184C62757D27100A9C7BE /* BaseSolver.h in Sources */,
				CCED6ADC276C680B000D252D /* Solver17.cpp in Sources */,
				CCB27CF2276724780014C098 /* Solver13.cpp in Sources */,
				CCBE8D64275B46490029F8CE /* Solver04.cpp in Sources */,
				CC27F3B5275793AC00C340D7 /* Solver01.cpp in Sources */,
				CCE9139A276F1D1900FC23CC /* Solver19.cpp in Sources */,
				CC1184C42757CF7700A9C7BE /* main.cpp in Sources */,
				CCE9139E27705F7B00FC23CC /* Solver20.cpp in Sources */,
				CC6605FD2758A3D200BF0B89 /* Solver02.cpp in Sources */,
				CC84B8852769C7D4009FB419 /* Solver15.cpp in Sources */,
				CCE48492275DEACA009BA7D3 /* Solver06.cpp in Sources */,
				CCE9138D276DB5DE00FC23CC /* Solver18.cpp in Sources */,
				CC2AF3A4275F3B8F004CB623 /* Solver07.cpp in Sources */,
				CCCA191B2759F56400E57C5E /* Solver03.cpp in Sources */,
				CCE2344B2765D2F900A37893 /* Solver12.cpp in Sources */,
				CC95B53D275C976B00BACF62 /* Solver05.cpp in Sources */,
				CC7155F627608D7900E8FE0A /* Solver08.cpp in Sources */,
				CCD5DB942761DE33007CF658 /* Solver09.cpp in Sources */,
				CCBED2F2276480BB004546E7 /* Solver11.cpp in Sources */,
				CC0E80B6276874E40075DECF /* Solver14.cpp in Sources */,
				CCD1A52027632EF3005A658F /* Solver10.cpp in Sources */,
			);
			runOnlyForDeploymentPostprocessing = 0;
		};
/* End PBXSourcesBuildPhase section */

/* Begin XCBuildConfiguration section */
		CC27F3B6275793AC00C340D7 /* Debug */ = {
			isa = XCBuildConfiguration;
			buildSettings = {
				ALWAYS_SEARCH_USER_PATHS = NO;
				CLANG_ANALYZER_NONNULL = YES;
				CLANG_ANALYZER_NUMBER_OBJECT_CONVERSION = YES_AGGRESSIVE;
				CLANG_CXX_LANGUAGE_STANDARD = "gnu++17";
				CLANG_CXX_LIBRARY = "libc++";
				CLANG_ENABLE_MODULES = YES;
				CLANG_ENABLE_OBJC_ARC = YES;
				CLANG_ENABLE_OBJC_WEAK = YES;
				CLANG_WARN_BLOCK_CAPTURE_AUTORELEASING = YES;
				CLANG_WARN_BOOL_CONVERSION = YES;
				CLANG_WARN_COMMA = YES;
				CLANG_WARN_CONSTANT_CONVERSION = YES;
				CLANG_WARN_DEPRECATED_OBJC_IMPLEMENTATIONS = YES;
				CLANG_WARN_DIRECT_OBJC_ISA_USAGE = YES_ERROR;
				CLANG_WARN_DOCUMENTATION_COMMENTS = YES;
				CLANG_WARN_EMPTY_BODY = YES;
				CLANG_WARN_ENUM_CONVERSION = YES;
				CLANG_WARN_INFINITE_RECURSION = YES;
				CLANG_WARN_INT_CONVERSION = YES;
				CLANG_WARN_NON_LITERAL_NULL_CONVERSION = YES;
				CLANG_WARN_OBJC_IMPLICIT_RETAIN_SELF = YES;
				CLANG_WARN_OBJC_LITERAL_CONVERSION = YES;
				CLANG_WARN_OBJC_ROOT_CLASS = YES_ERROR;
				CLANG_WARN_QUOTED_INCLUDE_IN_FRAMEWORK_HEADER = YES;
				CLANG_WARN_RANGE_LOOP_ANALYSIS = YES;
				CLANG_WARN_STRICT_PROTOTYPES = YES;
				CLANG_WARN_SUSPICIOUS_MOVE = YES;
				CLANG_WARN_UNGUARDED_AVAILABILITY = YES_AGGRESSIVE;
				CLANG_WARN_UNREACHABLE_CODE = YES;
				CLANG_WARN__DUPLICATE_METHOD_MATCH = YES;
				COPY_PHASE_STRIP = NO;
				DEBUG_INFORMATION_FORMAT = dwarf;
				ENABLE_STRICT_OBJC_MSGSEND = YES;
				ENABLE_TESTABILITY = YES;
				GCC_C_LANGUAGE_STANDARD = gnu11;
				GCC_DYNAMIC_NO_PIC = NO;
				GCC_NO_COMMON_BLOCKS = YES;
				GCC_OPTIMIZATION_LEVEL = 0;
				GCC_PREPROCESSOR_DEFINITIONS = (
					"DEBUG=1",
					"$(inherited)",
				);
				GCC_WARN_64_TO_32_BIT_CONVERSION = YES;
				GCC_WARN_ABOUT_RETURN_TYPE = YES_ERROR;
				GCC_WARN_UNDECLARED_SELECTOR = YES;
				GCC_WARN_UNINITIALIZED_AUTOS = YES_AGGRESSIVE;
				GCC_WARN_UNUSED_FUNCTION = YES;
				GCC_WARN_UNUSED_VARIABLE = YES;
				MACOSX_DEPLOYMENT_TARGET = 12.0;
				MTL_ENABLE_DEBUG_INFO = INCLUDE_SOURCE;
				MTL_FAST_MATH = YES;
				ONLY_ACTIVE_ARCH = YES;
				SDKROOT = macosx;
			};
			name = Debug;
		};
		CC27F3B7275793AC00C340D7 /* Release */ = {
			isa = XCBuildConfiguration;
			buildSettings = {
				ALWAYS_SEARCH_USER_PATHS = NO;
				CLANG_ANALYZER_NONNULL = YES;
				CLANG_ANALYZER_NUMBER_OBJECT_CONVERSION = YES_AGGRESSIVE;
				CLANG_CXX_LANGUAGE_STANDARD = "gnu++17";
				CLANG_CXX_LIBRARY = "libc++";
				CLANG_ENABLE_MODULES = YES;
				CLANG_ENABLE_OBJC_ARC = YES;
				CLANG_ENABLE_OBJC_WEAK = YES;
				CLANG_WARN_BLOCK_CAPTURE_AUTORELEASING = YES;
				CLANG_WARN_BOOL_CONVERSION = YES;
				CLANG_WARN_COMMA = YES;
				CLANG_WARN_CONSTANT_CONVERSION = YES;
				CLANG_WARN_DEPRECATED_OBJC_IMPLEMENTATIONS = YES;
				CLANG_WARN_DIRECT_OBJC_ISA_USAGE = YES_ERROR;
				CLANG_WARN_DOCUMENTATION_COMMENTS = YES;
				CLANG_WARN_EMPTY_BODY = YES;
				CLANG_WARN_ENUM_CONVERSION = YES;
				CLANG_WARN_INFINITE_RECURSION = YES;
				CLANG_WARN_INT_CONVERSION = YES;
				CLANG_WARN_NON_LITERAL_NULL_CONVERSION = YES;
				CLANG_WARN_OBJC_IMPLICIT_RETAIN_SELF = YES;
				CLANG_WARN_OBJC_LITERAL_CONVERSION = YES;
				CLANG_WARN_OBJC_ROOT_CLASS = YES_ERROR;
				CLANG_WARN_QUOTED_INCLUDE_IN_FRAMEWORK_HEADER = YES;
				CLANG_WARN_RANGE_LOOP_ANALYSIS = YES;
				CLANG_WARN_STRICT_PROTOTYPES = YES;
				CLANG_WARN_SUSPICIOUS_MOVE = YES;
				CLANG_WARN_UNGUARDED_AVAILABILITY = YES_AGGRESSIVE;
				CLANG_WARN_UNREACHABLE_CODE = YES;
				CLANG_WARN__DUPLICATE_METHOD_MATCH = YES;
				COPY_PHASE_STRIP = NO;
				DEBUG_INFORMATION_FORMAT = "dwarf-with-dsym";
				ENABLE_NS_ASSERTIONS = NO;
				ENABLE_STRICT_OBJC_MSGSEND = YES;
				GCC_C_LANGUAGE_STANDARD = gnu11;
				GCC_NO_COMMON_BLOCKS = YES;
				GCC_WARN_64_TO_32_BIT_CONVERSION = YES;
				GCC_WARN_ABOUT_RETURN_TYPE = YES_ERROR;
				GCC_WARN_UNDECLARED_SELECTOR = YES;
				GCC_WARN_UNINITIALIZED_AUTOS = YES_AGGRESSIVE;
				GCC_WARN_UNUSED_FUNCTION = YES;
				GCC_WARN_UNUSED_VARIABLE = YES;
				MACOSX_DEPLOYMENT_TARGET = 12.0;
				MTL_ENABLE_DEBUG_INFO = NO;
				MTL_FAST_MATH = YES;
				SDKROOT = macosx;
			};
			name = Release;
		};
		CC27F3B9275793AC00C340D7 /* Debug */ = {
			isa = XCBuildConfiguration;
			buildSettings = {
				CODE_SIGN_IDENTITY = "-";
				CODE_SIGN_STYLE = Automatic;
				DEVELOPMENT_ASSET_PATHS = "";
				PRODUCT_NAME = "$(TARGET_NAME)";
			};
			name = Debug;
		};
		CC27F3BA275793AC00C340D7 /* Release */ = {
			isa = XCBuildConfiguration;
			buildSettings = {
				CODE_SIGN_IDENTITY = "-";
				CODE_SIGN_STYLE = Automatic;
				DEVELOPMENT_ASSET_PATHS = "";
				PRODUCT_NAME = "$(TARGET_NAME)";
			};
			name = Release;
		};
/* End XCBuildConfiguration section */

/* Begin XCConfigurationList section */
		CC27F3AC275793AC00C340D7 /* Build configuration list for PBXProject "AOC2021" */ = {
			isa = XCConfigurationList;
			buildConfigurations = (
				CC27F3B6275793AC00C340D7 /* Debug */,
				CC27F3B7275793AC00C340D7 /* Release */,
			);
			defaultConfigurationIsVisible = 0;
			defaultConfigurationName = Release;
		};
		CC27F3B8275793AC00C340D7 /* Build configuration list for PBXNativeTarget "AOC2021" */ = {
			isa = XCConfigurationList;
			buildConfigurations = (
				CC27F3B9275793AC00C340D7 /* Debug */,
				CC27F3BA275793AC00C340D7 /* Release */,
			);
			defaultConfigurationIsVisible = 0;
			defaultConfigurationName = Release;
		};
/* End XCConfigurationList section */
	};
	rootObject = CC27F3A9275793AC00C340D7 /* Project object */;
}
